
Microsoft Visual Studio Solution File, Format Version 12.00
# Visual Studio 2013
VisualStudioVersion = 12.0.40629.0
MinimumVisualStudioVersion = 10.0.40219.1
Project("{FAE04EC0-301F-11D3-BF4B-00C04F79EFBC}") = "MVCEmailApplication", "MVCEmailApplication\MVCEmailApplication.csproj", "{4A66DB07-775D-48F7-A05B-BA377B433FE3}"
EndProject
Project("{FAE04EC0-301F-11D3-BF4B-00C04F79EFBC}") = "MVCEmailApplication.Tests", "MVCEmailApplication.Tests\MVCEmailApplication.Tests.csproj", "{75F7AF3D-5587-4B3A-8B4A-EF282D5FB0CB}"
EndProject
Global
	GlobalSection(SolutionConfigurationPlatforms) = preSolution
		Debug|Any CPU = Debug|Any CPU
		Release|Any CPU = Release|Any CPU
	EndGlobalSection
	GlobalSection(ProjectConfigurationPlatforms) = postSolution
		{4A66DB07-775D-48F7-A05B-BA377B433FE3}.Debug|Any CPU.ActiveCfg = Debug|Any CPU
		{4A66DB07-775D-48F7-A05B-BA377B433FE3}.Debug|Any CPU.Build.0 = Debug|Any CPU
		{4A66DB07-775D-48F7-A05B-BA377B433FE3}.Release|Any CPU.ActiveCfg = Release|Any CPU
		{4A66DB07-775D-48F7-A05B-BA377B433FE3}.Release|Any CPU.Build.0 = Release|Any CPU
		{75F7AF3D-5587-4B3A-8B4A-EF282D5FB0CB}.Debug|Any CPU.ActiveCfg = Debug|Any CPU
		{75F7AF3D-5587-4B3A-8B4A-EF282D5FB0CB}.Debug|Any CPU.Build.0 = Debug|Any CPU
		{75F7AF3D-5587-4B3A-8B4A-EF282D5FB0CB}.Release|Any CPU.ActiveCfg = Release|Any CPU
		{75F7AF3D-5587-4B3A-8B4A-EF282D5FB0CB}.Release|Any CPU.Build.0 = Release|Any CPU
	EndGlobalSection
	GlobalSection(SolutionProperties) = preSolution
		HideSolutionNode = FALSE
	EndGlobalSection
EndGlobal
